
Microsoft Visual Studio Solution File, Format Version 12.00
# Visual Studio Version 16
VisualStudioVersion = 16.0.30320.27
MinimumVisualStudioVersion = 10.0.40219.1
Project("{9A19103F-16F7-4668-BE54-9A1E7A4F7556}") = "ChickenScratch", "ChickenScratch\ChickenScratch.csproj", "{094BD19D-3892-4C9A-B79B-35413222E34C}"
EndProject
Project("{9A19103F-16F7-4668-BE54-9A1E7A4F7556}") = "ChickenScratchEngine", "ChickenScratchEngine\ChickenScratchEngine.csproj", "{9F8121B1-275F-44CC-BAB8-DE0F9C16C6E8}"
EndProject
Project("{FAE04EC0-301F-11D3-BF4B-00C04F79EFBC}") = "ChickenScratch.TEST", "ChickenScratch.TEST\ChickenScratch.TEST.csproj", "{AAF9D8F6-45D5-497A-AC16-2C3CBF67BE68}"
EndProject
Global
	GlobalSection(SolutionConfigurationPlatforms) = preSolution
		Debug|Any CPU = Debug|Any CPU
		Release|Any CPU = Release|Any CPU
	EndGlobalSection
	GlobalSection(ProjectConfigurationPlatforms) = postSolution
		{094BD19D-3892-4C9A-B79B-35413222E34C}.Debug|Any CPU.ActiveCfg = Debug|Any CPU
		{094BD19D-3892-4C9A-B79B-35413222E34C}.Debug|Any CPU.Build.0 = Debug|Any CPU
		{094BD19D-3892-4C9A-B79B-35413222E34C}.Release|Any CPU.ActiveCfg = Release|Any CPU
		{094BD19D-3892-4C9A-B79B-35413222E34C}.Release|Any CPU.Build.0 = Release|Any CPU
		{9F8121B1-275F-44CC-BAB8-DE0F9C16C6E8}.Debug|Any CPU.ActiveCfg = Debug|Any CPU
		{9F8121B1-275F-44CC-BAB8-DE0F9C16C6E8}.Debug|Any CPU.Build.0 = Debug|Any CPU
		{9F8121B1-275F-44CC-BAB8-DE0F9C16C6E8}.Release|Any CPU.ActiveCfg = Release|Any CPU
		{9F8121B1-275F-44CC-BAB8-DE0F9C16C6E8}.Release|Any CPU.Build.0 = Release|Any CPU
		{AAF9D8F6-45D5-497A-AC16-2C3CBF67BE68}.Debug|Any CPU.ActiveCfg = Debug|Any CPU
		{AAF9D8F6-45D5-497A-AC16-2C3CBF67BE68}.Debug|Any CPU.Build.0 = Debug|Any CPU
		{AAF9D8F6-45D5-497A-AC16-2C3CBF67BE68}.Release|Any CPU.ActiveCfg = Release|Any CPU
		{AAF9D8F6-45D5-497A-AC16-2C3CBF67BE68}.Release|Any CPU.Build.0 = Release|Any CPU
	EndGlobalSection
	GlobalSection(SolutionProperties) = preSolution
		HideSolutionNode = FALSE
	EndGlobalSection
	GlobalSection(ExtensibilityGlobals) = postSolution
		SolutionGuid = {E39113CD-1307-469E-9ABB-0D56BF363691}
	EndGlobalSection
EndGlobal
