
Microsoft Visual Studio Solution File, Format Version 12.00
# Visual Studio 15
VisualStudioVersion = 15.0.28307.572
MinimumVisualStudioVersion = 10.0.40219.1
Project("{9A19103F-16F7-4668-BE54-9A1E7A4F7556}") = "WebSocketServer", "WebSocket\WebSocketServer.csproj", "{A198ABF9-3124-43D3-BF3B-182F452ECAD4}"
EndProject
Global
	GlobalSection(SolutionConfigurationPlatforms) = preSolution
		Debug|Any CPU = Debug|Any CPU
		Release|Any CPU = Release|Any CPU
	EndGlobalSection
	GlobalSection(ProjectConfigurationPlatforms) = postSolution
		{A198ABF9-3124-43D3-BF3B-182F452ECAD4}.Debug|Any CPU.ActiveCfg = Debug|Any CPU
		{A198ABF9-3124-43D3-BF3B-182F452ECAD4}.Debug|Any CPU.Build.0 = Debug|Any CPU
		{A198ABF9-3124-43D3-BF3B-182F452ECAD4}.Release|Any CPU.ActiveCfg = Release|Any CPU
		{A198ABF9-3124-43D3-BF3B-182F452ECAD4}.Release|Any CPU.Build.0 = Release|Any CPU
	EndGlobalSection
	GlobalSection(SolutionProperties) = preSolution
		HideSolutionNode = FALSE
	EndGlobalSection
	GlobalSection(ExtensibilityGlobals) = postSolution
		SolutionGuid = {E39113CD-1307-469E-9ABB-0D56BF363691}
	EndGlobalSection
EndGlobal
